// !$*UTF8*$!
{
	archiveVersion = 1;
	classes = {
	};
	objectVersion = 46;
	objects = {

/* Begin PBXBuildFile section */
		1DDD58160DA1D0A300B32029 /* MainMenu.xib in Resources */ = {isa = PBXBuildFile; fileRef = 1DDD58140DA1D0A300B32029 /* MainMenu.xib */; };
		2311AA91137C57D5000C4A0A /* AppController.m in Sources */ = {isa = PBXBuildFile; fileRef = 2311AA90137C57D5000C4A0A /* AppController.m */; };
		2319662E13F8F50C00928A7B /* NSObject+SBJson.m in Sources */ = {isa = PBXBuildFile; fileRef = 2319661813F8F50C00928A7B /* NSObject+SBJson.m */; };
		2319662F13F8F50C00928A7B /* SBJsonParser.m in Sources */ = {isa = PBXBuildFile; fileRef = 2319661B13F8F50C00928A7B /* SBJsonParser.m */; };
		2319663013F8F50C00928A7B /* SBJsonStreamParser.m in Sources */ = {isa = PBXBuildFile; fileRef = 2319661D13F8F50C00928A7B /* SBJsonStreamParser.m */; };
		2319663113F8F50C00928A7B /* SBJsonStreamParserAccumulator.m in Sources */ = {isa = PBXBuildFile; fileRef = 2319661F13F8F50C00928A7B /* SBJsonStreamParserAccumulator.m */; };
		2319663213F8F50C00928A7B /* SBJsonStreamParserState.m in Sources */ = {isa = PBXBuildFile; fileRef = 2319662113F8F50C00928A7B /* SBJsonStreamParserState.m */; };
		2319663313F8F50C00928A7B /* SBJsonStreamWriter.m in Sources */ = {isa = PBXBuildFile; fileRef = 2319662313F8F50C00928A7B /* SBJsonStreamWriter.m */; };
		2319663413F8F50C00928A7B /* SBJsonStreamWriterAccumulator.m in Sources */ = {isa = PBXBuildFile; fileRef = 2319662513F8F50C00928A7B /* SBJsonStreamWriterAccumulator.m */; };
		2319663513F8F50C00928A7B /* SBJsonStreamWriterState.m in Sources */ = {isa = PBXBuildFile; fileRef = 2319662713F8F50C00928A7B /* SBJsonStreamWriterState.m */; };
		2319663613F8F50C00928A7B /* SBJsonTokeniser.m in Sources */ = {isa = PBXBuildFile; fileRef = 2319662913F8F50C00928A7B /* SBJsonTokeniser.m */; };
		2319663713F8F50C00928A7B /* SBJsonUTF8Stream.m in Sources */ = {isa = PBXBuildFile; fileRef = 2319662B13F8F50C00928A7B /* SBJsonUTF8Stream.m */; };
		2319663813F8F50C00928A7B /* SBJsonWriter.m in Sources */ = {isa = PBXBuildFile; fileRef = 2319662D13F8F50C00928A7B /* SBJsonWriter.m */; };
		236B075D14020BAC00184C7A /* Preferences.xib in Resources */ = {isa = PBXBuildFile; fileRef = 236B075C14020BAC00184C7A /* Preferences.xib */; };
		237F6BD913FE029300930CA9 /* UserPrefs.m in Sources */ = {isa = PBXBuildFile; fileRef = 237F6BD813FE029300930CA9 /* UserPrefs.m */; };
		2383952D13F85363004C6D32 /* icon.png in Resources */ = {isa = PBXBuildFile; fileRef = 2383952B13F85363004C6D32 /* icon.png */; };
		256AC3DA0F4B6AC300CF3369 /* TasksAppDelegate.m in Sources */ = {isa = PBXBuildFile; fileRef = 256AC3D90F4B6AC300CF3369 /* TasksAppDelegate.m */; };
		8D11072B0486CEB800E47090 /* InfoPlist.strings in Resources */ = {isa = PBXBuildFile; fileRef = 089C165CFE840E0CC02AAC07 /* InfoPlist.strings */; };
		8D11072D0486CEB800E47090 /* main.m in Sources */ = {isa = PBXBuildFile; fileRef = 29B97316FDCFA39411CA2CEA /* main.m */; settings = {ATTRIBUTES = (); }; };
		8D11072F0486CEB800E47090 /* Cocoa.framework in Frameworks */ = {isa = PBXBuildFile; fileRef = 1058C7A1FEA54F0111CA2CBB /* Cocoa.framework */; };
/* End PBXBuildFile section */

/* Begin PBXFileReference section */
		089C165DFE840E0CC02AAC07 /* English */ = {isa = PBXFileReference; fileEncoding = 4; lastKnownFileType = text.plist.strings; name = English; path = English.lproj/InfoPlist.strings; sourceTree = "<group>"; };
		1058C7A1FEA54F0111CA2CBB /* Cocoa.framework */ = {isa = PBXFileReference; lastKnownFileType = wrapper.framework; name = Cocoa.framework; path = /System/Library/Frameworks/Cocoa.framework; sourceTree = "<absolute>"; };
		13E42FB307B3F0F600E4EEF1 /* CoreData.framework */ = {isa = PBXFileReference; lastKnownFileType = wrapper.framework; name = CoreData.framework; path = /System/Library/Frameworks/CoreData.framework; sourceTree = "<absolute>"; };
		1DDD58150DA1D0A300B32029 /* English */ = {isa = PBXFileReference; lastKnownFileType = file.xib; name = English; path = English.lproj/MainMenu.xib; sourceTree = "<group>"; };
		2311AA8F137C57D5000C4A0A /* AppController.h */ = {isa = PBXFileReference; fileEncoding = 4; lastKnownFileType = sourcecode.c.h; path = AppController.h; sourceTree = "<group>"; };
		2311AA90137C57D5000C4A0A /* AppController.m */ = {isa = PBXFileReference; fileEncoding = 4; lastKnownFileType = sourcecode.c.objc; path = AppController.m; sourceTree = "<group>"; };
		2319661713F8F50C00928A7B /* NSObject+SBJson.h */ = {isa = PBXFileReference; fileEncoding = 4; lastKnownFileType = sourcecode.c.h; path = "NSObject+SBJson.h"; sourceTree = "<group>"; };
		2319661813F8F50C00928A7B /* NSObject+SBJson.m */ = {isa = PBXFileReference; fileEncoding = 4; lastKnownFileType = sourcecode.c.objc; path = "NSObject+SBJson.m"; sourceTree = "<group>"; };
		2319661913F8F50C00928A7B /* SBJson.h */ = {isa = PBXFileReference; fileEncoding = 4; lastKnownFileType = sourcecode.c.h; path = SBJson.h; sourceTree = "<group>"; };
		2319661A13F8F50C00928A7B /* SBJsonParser.h */ = {isa = PBXFileReference; fileEncoding = 4; lastKnownFileType = sourcecode.c.h; path = SBJsonParser.h; sourceTree = "<group>"; };
		2319661B13F8F50C00928A7B /* SBJsonParser.m */ = {isa = PBXFileReference; fileEncoding = 4; lastKnownFileType = sourcecode.c.objc; path = SBJsonParser.m; sourceTree = "<group>"; };
		2319661C13F8F50C00928A7B /* SBJsonStreamParser.h */ = {isa = PBXFileReference; fileEncoding = 4; lastKnownFileType = sourcecode.c.h; path = SBJsonStreamParser.h; sourceTree = "<group>"; };
		2319661D13F8F50C00928A7B /* SBJsonStreamParser.m */ = {isa = PBXFileReference; fileEncoding = 4; lastKnownFileType = sourcecode.c.objc; path = SBJsonStreamParser.m; sourceTree = "<group>"; };
		2319661E13F8F50C00928A7B /* SBJsonStreamParserAccumulator.h */ = {isa = PBXFileReference; fileEncoding = 4; lastKnownFileType = sourcecode.c.h; path = SBJsonStreamParserAccumulator.h; sourceTree = "<group>"; };
		2319661F13F8F50C00928A7B /* SBJsonStreamParserAccumulator.m */ = {isa = PBXFileReference; fileEncoding = 4; lastKnownFileType = sourcecode.c.objc; path = SBJsonStreamParserAccumulator.m; sourceTree = "<group>"; };
		2319662013F8F50C00928A7B /* SBJsonStreamParserState.h */ = {isa = PBXFileReference; fileEncoding = 4; lastKnownFileType = sourcecode.c.h; path = SBJsonStreamParserState.h; sourceTree = "<group>"; };
		2319662113F8F50C00928A7B /* SBJsonStreamParserState.m */ = {isa = PBXFileReference; fileEncoding = 4; lastKnownFileType = sourcecode.c.objc; path = SBJsonStreamParserState.m; sourceTree = "<group>"; };
		2319662213F8F50C00928A7B /* SBJsonStreamWriter.h */ = {isa = PBXFileReference; fileEncoding = 4; lastKnownFileType = sourcecode.c.h; path = SBJsonStreamWriter.h; sourceTree = "<group>"; };
		2319662313F8F50C00928A7B /* SBJsonStreamWriter.m */ = {isa = PBXFileReference; fileEncoding = 4; lastKnownFileType = sourcecode.c.objc; path = SBJsonStreamWriter.m; sourceTree = "<group>"; };
		2319662413F8F50C00928A7B /* SBJsonStreamWriterAccumulator.h */ = {isa = PBXFileReference; fileEncoding = 4; lastKnownFileType = sourcecode.c.h; path = SBJsonStreamWriterAccumulator.h; sourceTree = "<group>"; };
		2319662513F8F50C00928A7B /* SBJsonStreamWriterAccumulator.m */ = {isa = PBXFileReference; fileEncoding = 4; lastKnownFileType = sourcecode.c.objc; path = SBJsonStreamWriterAccumulator.m; sourceTree = "<group>"; };
		2319662613F8F50C00928A7B /* SBJsonStreamWriterState.h */ = {isa = PBXFileReference; fileEncoding = 4; lastKnownFileType = sourcecode.c.h; path = SBJsonStreamWriterState.h; sourceTree = "<group>"; };
		2319662713F8F50C00928A7B /* SBJsonStreamWriterState.m */ = {isa = PBXFileReference; fileEncoding = 4; lastKnownFileType = sourcecode.c.objc; path = SBJsonStreamWriterState.m; sourceTree = "<group>"; };
		2319662813F8F50C00928A7B /* SBJsonTokeniser.h */ = {isa = PBXFileReference; fileEncoding = 4; lastKnownFileType = sourcecode.c.h; path = SBJsonTokeniser.h; sourceTree = "<group>"; };
		2319662913F8F50C00928A7B /* SBJsonTokeniser.m */ = {isa = PBXFileReference; fileEncoding = 4; lastKnownFileType = sourcecode.c.objc; path = SBJsonTokeniser.m; sourceTree = "<group>"; };
		2319662A13F8F50C00928A7B /* SBJsonUTF8Stream.h */ = {isa = PBXFileReference; fileEncoding = 4; lastKnownFileType = sourcecode.c.h; path = SBJsonUTF8Stream.h; sourceTree = "<group>"; };
		2319662B13F8F50C00928A7B /* SBJsonUTF8Stream.m */ = {isa = PBXFileReference; fileEncoding = 4; lastKnownFileType = sourcecode.c.objc; path = SBJsonUTF8Stream.m; sourceTree = "<group>"; };
		2319662C13F8F50C00928A7B /* SBJsonWriter.h */ = {isa = PBXFileReference; fileEncoding = 4; lastKnownFileType = sourcecode.c.h; path = SBJsonWriter.h; sourceTree = "<group>"; };
		2319662D13F8F50C00928A7B /* SBJsonWriter.m */ = {isa = PBXFileReference; fileEncoding = 4; lastKnownFileType = sourcecode.c.objc; path = SBJsonWriter.m; sourceTree = "<group>"; };
		236B075C14020BAC00184C7A /* Preferences.xib */ = {isa = PBXFileReference; lastKnownFileType = file.xib; path = Preferences.xib; sourceTree = "<group>"; };
		237F6BD713FE029300930CA9 /* UserPrefs.h */ = {isa = PBXFileReference; fileEncoding = 4; lastKnownFileType = sourcecode.c.h; path = UserPrefs.h; sourceTree = "<group>"; };
		237F6BD813FE029300930CA9 /* UserPrefs.m */ = {isa = PBXFileReference; fileEncoding = 4; lastKnownFileType = sourcecode.c.objc; path = UserPrefs.m; sourceTree = "<group>"; };
		2383952B13F85363004C6D32 /* icon.png */ = {isa = PBXFileReference; lastKnownFileType = image.png; path = icon.png; sourceTree = "<group>"; };
		256AC3D80F4B6AC300CF3369 /* TasksAppDelegate.h */ = {isa = PBXFileReference; fileEncoding = 4; lastKnownFileType = sourcecode.c.h; path = TasksAppDelegate.h; sourceTree = "<group>"; };
		256AC3D90F4B6AC300CF3369 /* TasksAppDelegate.m */ = {isa = PBXFileReference; fileEncoding = 4; lastKnownFileType = sourcecode.c.objc; path = TasksAppDelegate.m; sourceTree = "<group>"; };
		256AC3F00F4B6AF500CF3369 /* Tasks_Prefix.pch */ = {isa = PBXFileReference; fileEncoding = 4; lastKnownFileType = sourcecode.c.h; path = Tasks_Prefix.pch; sourceTree = "<group>"; };
		29B97316FDCFA39411CA2CEA /* main.m */ = {isa = PBXFileReference; fileEncoding = 4; lastKnownFileType = sourcecode.c.objc; path = main.m; sourceTree = "<group>"; };
		29B97324FDCFA39411CA2CEA /* AppKit.framework */ = {isa = PBXFileReference; lastKnownFileType = wrapper.framework; name = AppKit.framework; path = /System/Library/Frameworks/AppKit.framework; sourceTree = "<absolute>"; };
		29B97325FDCFA39411CA2CEA /* Foundation.framework */ = {isa = PBXFileReference; lastKnownFileType = wrapper.framework; name = Foundation.framework; path = /System/Library/Frameworks/Foundation.framework; sourceTree = "<absolute>"; };
		8D1107310486CEB800E47090 /* Tasks-Info.plist */ = {isa = PBXFileReference; fileEncoding = 4; lastKnownFileType = text.plist.xml; path = "Tasks-Info.plist"; sourceTree = "<group>"; };
		8D1107320486CEB800E47090 /* Tasks.app */ = {isa = PBXFileReference; explicitFileType = wrapper.application; includeInIndex = 0; path = Tasks.app; sourceTree = BUILT_PRODUCTS_DIR; };
/* End PBXFileReference section */

/* Begin PBXFrameworksBuildPhase section */
		8D11072E0486CEB800E47090 /* Frameworks */ = {
			isa = PBXFrameworksBuildPhase;
			buildActionMask = 2147483647;
			files = (
				8D11072F0486CEB800E47090 /* Cocoa.framework in Frameworks */,
			);
			runOnlyForDeploymentPostprocessing = 0;
		};
/* End PBXFrameworksBuildPhase section */

/* Begin PBXGroup section */
		080E96DDFE201D6D7F000001 /* Classes */ = {
			isa = PBXGroup;
			children = (
				2319661613F8F50C00928A7B /* Classes */,
				256AC3D80F4B6AC300CF3369 /* TasksAppDelegate.h */,
				256AC3D90F4B6AC300CF3369 /* TasksAppDelegate.m */,
				237F6BD713FE029300930CA9 /* UserPrefs.h */,
				237F6BD813FE029300930CA9 /* UserPrefs.m */,
			);
			name = Classes;
			sourceTree = "<group>";
		};
		1058C7A0FEA54F0111CA2CBB /* Linked Frameworks */ = {
			isa = PBXGroup;
			children = (
				1058C7A1FEA54F0111CA2CBB /* Cocoa.framework */,
			);
			name = "Linked Frameworks";
			sourceTree = "<group>";
		};
		1058C7A2FEA54F0111CA2CBB /* Other Frameworks */ = {
			isa = PBXGroup;
			children = (
				29B97324FDCFA39411CA2CEA /* AppKit.framework */,
				13E42FB307B3F0F600E4EEF1 /* CoreData.framework */,
				29B97325FDCFA39411CA2CEA /* Foundation.framework */,
			);
			name = "Other Frameworks";
			sourceTree = "<group>";
		};
		19C28FACFE9D520D11CA2CBB /* Products */ = {
			isa = PBXGroup;
			children = (
				8D1107320486CEB800E47090 /* Tasks.app */,
			);
			name = Products;
			sourceTree = "<group>";
		};
		2319661613F8F50C00928A7B /* Classes */ = {
			isa = PBXGroup;
			children = (
				2319661713F8F50C00928A7B /* NSObject+SBJson.h */,
				2319661813F8F50C00928A7B /* NSObject+SBJson.m */,
				2319661913F8F50C00928A7B /* SBJson.h */,
				2319661A13F8F50C00928A7B /* SBJsonParser.h */,
				2319661B13F8F50C00928A7B /* SBJsonParser.m */,
				2319661C13F8F50C00928A7B /* SBJsonStreamParser.h */,
				2319661D13F8F50C00928A7B /* SBJsonStreamParser.m */,
				2319661E13F8F50C00928A7B /* SBJsonStreamParserAccumulator.h */,
				2319661F13F8F50C00928A7B /* SBJsonStreamParserAccumulator.m */,
				2319662013F8F50C00928A7B /* SBJsonStreamParserState.h */,
				2319662113F8F50C00928A7B /* SBJsonStreamParserState.m */,
				2319662213F8F50C00928A7B /* SBJsonStreamWriter.h */,
				2319662313F8F50C00928A7B /* SBJsonStreamWriter.m */,
				2319662413F8F50C00928A7B /* SBJsonStreamWriterAccumulator.h */,
				2319662513F8F50C00928A7B /* SBJsonStreamWriterAccumulator.m */,
				2319662613F8F50C00928A7B /* SBJsonStreamWriterState.h */,
				2319662713F8F50C00928A7B /* SBJsonStreamWriterState.m */,
				2319662813F8F50C00928A7B /* SBJsonTokeniser.h */,
				2319662913F8F50C00928A7B /* SBJsonTokeniser.m */,
				2319662A13F8F50C00928A7B /* SBJsonUTF8Stream.h */,
				2319662B13F8F50C00928A7B /* SBJsonUTF8Stream.m */,
				2319662C13F8F50C00928A7B /* SBJsonWriter.h */,
				2319662D13F8F50C00928A7B /* SBJsonWriter.m */,
			);
			name = Classes;
			path = Classes/JSON/Classes;
			sourceTree = "<group>";
		};
		29B97314FDCFA39411CA2CEA /* Tasks */ = {
			isa = PBXGroup;
			children = (
				2383952B13F85363004C6D32 /* icon.png */,
				080E96DDFE201D6D7F000001 /* Classes */,
				29B97315FDCFA39411CA2CEA /* Other Sources */,
				29B97317FDCFA39411CA2CEA /* Resources */,
				29B97323FDCFA39411CA2CEA /* Frameworks */,
				19C28FACFE9D520D11CA2CBB /* Products */,
				2311AA90137C57D5000C4A0A /* AppController.m */,
				2311AA8F137C57D5000C4A0A /* AppController.h */,
			);
			name = Tasks;
			sourceTree = "<group>";
		};
		29B97315FDCFA39411CA2CEA /* Other Sources */ = {
			isa = PBXGroup;
			children = (
				256AC3F00F4B6AF500CF3369 /* Tasks_Prefix.pch */,
				29B97316FDCFA39411CA2CEA /* main.m */,
			);
			name = "Other Sources";
			sourceTree = "<group>";
		};
		29B97317FDCFA39411CA2CEA /* Resources */ = {
			isa = PBXGroup;
			children = (
				8D1107310486CEB800E47090 /* Tasks-Info.plist */,
				089C165CFE840E0CC02AAC07 /* InfoPlist.strings */,
				1DDD58140DA1D0A300B32029 /* MainMenu.xib */,
				236B075C14020BAC00184C7A /* Preferences.xib */,
			);
			name = Resources;
			sourceTree = "<group>";
		};
		29B97323FDCFA39411CA2CEA /* Frameworks */ = {
			isa = PBXGroup;
			children = (
				1058C7A0FEA54F0111CA2CBB /* Linked Frameworks */,
				1058C7A2FEA54F0111CA2CBB /* Other Frameworks */,
			);
			name = Frameworks;
			sourceTree = "<group>";
		};
/* End PBXGroup section */

/* Begin PBXNativeTarget section */
		8D1107260486CEB800E47090 /* Tasks */ = {
			isa = PBXNativeTarget;
			buildConfigurationList = C01FCF4A08A954540054247B /* Build configuration list for PBXNativeTarget "Tasks" */;
			buildPhases = (
				8D1107290486CEB800E47090 /* Resources */,
				8D11072C0486CEB800E47090 /* Sources */,
				8D11072E0486CEB800E47090 /* Frameworks */,
			);
			buildRules = (
			);
			dependencies = (
			);
			name = Tasks;
			productInstallPath = "$(HOME)/Applications";
			productName = Tasks;
			productReference = 8D1107320486CEB800E47090 /* Tasks.app */;
			productType = "com.apple.product-type.application";
		};
/* End PBXNativeTarget section */

/* Begin PBXProject section */
		29B97313FDCFA39411CA2CEA /* Project object */ = {
			isa = PBXProject;
			attributes = {
				LastUpgradeCheck = 0410;
			};
			buildConfigurationList = C01FCF4E08A954540054247B /* Build configuration list for PBXProject "Tasks" */;
			compatibilityVersion = "Xcode 3.2";
			developmentRegion = English;
			hasScannedForEncodings = 1;
			knownRegions = (
				English,
				Japanese,
				French,
				German,
			);
			mainGroup = 29B97314FDCFA39411CA2CEA /* Tasks */;
			projectDirPath = "";
			projectRoot = "";
			targets = (
				8D1107260486CEB800E47090 /* Tasks */,
			);
		};
/* End PBXProject section */

/* Begin PBXResourcesBuildPhase section */
		8D1107290486CEB800E47090 /* Resources */ = {
			isa = PBXResourcesBuildPhase;
			buildActionMask = 2147483647;
			files = (
				8D11072B0486CEB800E47090 /* InfoPlist.strings in Resources */,
				1DDD58160DA1D0A300B32029 /* MainMenu.xib in Resources */,
				2383952D13F85363004C6D32 /* icon.png in Resources */,
				236B075D14020BAC00184C7A /* Preferences.xib in Resources */,
			);
			runOnlyForDeploymentPostprocessing = 0;
		};
/* End PBXResourcesBuildPhase section */

/* Begin PBXSourcesBuildPhase section */
		8D11072C0486CEB800E47090 /* Sources */ = {
			isa = PBXSourcesBuildPhase;
			buildActionMask = 2147483647;
			files = (
				8D11072D0486CEB800E47090 /* main.m in Sources */,
				256AC3DA0F4B6AC300CF3369 /* TasksAppDelegate.m in Sources */,
				2311AA91137C57D5000C4A0A /* AppController.m in Sources */,
				2319662E13F8F50C00928A7B /* NSObject+SBJson.m in Sources */,
				2319662F13F8F50C00928A7B /* SBJsonParser.m in Sources */,
				2319663013F8F50C00928A7B /* SBJsonStreamParser.m in Sources */,
				2319663113F8F50C00928A7B /* SBJsonStreamParserAccumulator.m in Sources */,
				2319663213F8F50C00928A7B /* SBJsonStreamParserState.m in Sources */,
				2319663313F8F50C00928A7B /* SBJsonStreamWriter.m in Sources */,
				2319663413F8F50C00928A7B /* SBJsonStreamWriterAccumulator.m in Sources */,
				2319663513F8F50C00928A7B /* SBJsonStreamWriterState.m in Sources */,
				2319663613F8F50C00928A7B /* SBJsonTokeniser.m in Sources */,
				2319663713F8F50C00928A7B /* SBJsonUTF8Stream.m in Sources */,
				2319663813F8F50C00928A7B /* SBJsonWriter.m in Sources */,
				237F6BD913FE029300930CA9 /* UserPrefs.m in Sources */,
			);
			runOnlyForDeploymentPostprocessing = 0;
		};
/* End PBXSourcesBuildPhase section */

/* Begin PBXVariantGroup section */
		089C165CFE840E0CC02AAC07 /* InfoPlist.strings */ = {
			isa = PBXVariantGroup;
			children = (
				089C165DFE840E0CC02AAC07 /* English */,
			);
			name = InfoPlist.strings;
			sourceTree = "<group>";
		};
		1DDD58140DA1D0A300B32029 /* MainMenu.xib */ = {
			isa = PBXVariantGroup;
			children = (
				1DDD58150DA1D0A300B32029 /* English */,
			);
			name = MainMenu.xib;
			sourceTree = "<group>";
		};
/* End PBXVariantGroup section */

/* Begin XCBuildConfiguration section */
		C01FCF4B08A954540054247B /* Debug */ = {
			isa = XCBuildConfiguration;
			buildSettings = {
				ALWAYS_SEARCH_USER_PATHS = NO;
				COPY_PHASE_STRIP = NO;
				GCC_DYNAMIC_NO_PIC = NO;
				GCC_MODEL_TUNING = G5;
				GCC_OPTIMIZATION_LEVEL = 0;
				GCC_PRECOMPILE_PREFIX_HEADER = YES;
				GCC_PREFIX_HEADER = Tasks_Prefix.pch;
				INFOPLIST_FILE = "Tasks-Info.plist";
				INSTALL_PATH = "$(HOME)/Applications";
				PRODUCT_NAME = Tasks;
			};
			name = Debug;
		};
		C01FCF4C08A954540054247B /* Release */ = {
			isa = XCBuildConfiguration;
			buildSettings = {
				ALWAYS_SEARCH_USER_PATHS = NO;
				DEBUG_INFORMATION_FORMAT = "dwarf-with-dsym";
				GCC_MODEL_TUNING = G5;
				GCC_PRECOMPILE_PREFIX_HEADER = YES;
				GCC_PREFIX_HEADER = Tasks_Prefix.pch;
				INFOPLIST_FILE = "Tasks-Info.plist";
				INSTALL_PATH = "$(HOME)/Applications";
				PRODUCT_NAME = Tasks;
			};
			name = Release;
		};
		C01FCF4F08A954540054247B /* Debug */ = {
			isa = XCBuildConfiguration;
			buildSettings = {
				ARCHS = "$(ARCHS_STANDARD_32_64_BIT)";
				GCC_C_LANGUAGE_STANDARD = gnu99;
				GCC_OPTIMIZATION_LEVEL = 0;
				GCC_WARN_ABOUT_RETURN_TYPE = YES;
				GCC_WARN_UNUSED_VARIABLE = YES;
				ONLY_ACTIVE_ARCH = YES;
				SDKROOT = macosx;
			};
			name = Debug;
		};
		C01FCF5008A954540054247B /* Release */ = {
			isa = XCBuildConfiguration;
			buildSettings = {
				ARCHS = "$(ARCHS_STANDARD_32_64_BIT)";
				GCC_C_LANGUAGE_STANDARD = gnu99;
				GCC_WARN_ABOUT_RETURN_TYPE = YES;
				GCC_WARN_UNUSED_VARIABLE = YES;
				SDKROOT = macosx;
			};
			name = Release;
		};
/* End XCBuildConfiguration section */

/* Begin XCConfigurationList section */
		C01FCF4A08A954540054247B /* Build configuration list for PBXNativeTarget "Tasks" */ = {
			isa = XCConfigurationList;
			buildConfigurations = (
				C01FCF4B08A954540054247B /* Debug */,
				C01FCF4C08A954540054247B /* Release */,
			);
			defaultConfigurationIsVisible = 0;
			defaultConfigurationName = Release;
		};
		C01FCF4E08A954540054247B /* Build configuration list for PBXProject "Tasks" */ = {
			isa = XCConfigurationList;
			buildConfigurations = (
				C01FCF4F08A954540054247B /* Debug */,
				C01FCF5008A954540054247B /* Release */,
			);
			defaultConfigurationIsVisible = 0;
			defaultConfigurationName = Release;
		};
/* End XCConfigurationList section */
	};
	rootObject = 29B97313FDCFA39411CA2CEA /* Project object */;
}
